
Microsoft Visual Studio Solution File, Format Version 12.00
# Visual Studio Version 17
VisualStudioVersion = 17.7.34024.191
MinimumVisualStudioVersion = 10.0.40219.1
Project("{FAE04EC0-301F-11D3-BF4B-00C04F79EFBC}") = "WhileIteration", "WhileIteration.csproj", "{980056F7-DEAC-424F-A80F-4267D2780348}"
EndProject
Global
	GlobalSection(SolutionConfigurationPlatforms) = preSolution
		Debug|Any CPU = Debug|Any CPU
		Release|Any CPU = Release|Any CPU
	EndGlobalSection
	GlobalSection(ProjectConfigurationPlatforms) = postSolution
		{980056F7-DEAC-424F-A80F-4267D2780348}.Debug|Any CPU.ActiveCfg = Debug|Any CPU
		{980056F7-DEAC-424F-A80F-4267D2780348}.Debug|Any CPU.Build.0 = Debug|Any CPU
		{980056F7-DEAC-424F-A80F-4267D2780348}.Release|Any CPU.ActiveCfg = Release|Any CPU
		{980056F7-DEAC-424F-A80F-4267D2780348}.Release|Any CPU.Build.0 = Release|Any CPU
	EndGlobalSection
	GlobalSection(SolutionProperties) = preSolution
		HideSolutionNode = FALSE
	EndGlobalSection
	GlobalSection(ExtensibilityGlobals) = postSolution
		SolutionGuid = {22C29069-7E27-401A-B217-40522B91CEF5}
	EndGlobalSection
EndGlobal
